// !$*UTF8*$!
{
	archiveVersion = 1;
	classes = {
	};
	objectVersion = 56;
	objects = {

/* Begin PBXBuildFile section */
		CA0BC1DC2CC17688008240E0 /* Camp.swift in Sources */ = {isa = PBXBuildFile; fileRef = CA0BC1DB2CC17688008240E0 /* Camp.swift */; };
		CAC47AF82C8CD76E008AF768 /* WeNeverDie2MVVMApp.swift in Sources */ = {isa = PBXBuildFile; fileRef = CAC47AF72C8CD76E008AF768 /* WeNeverDie2MVVMApp.swift */; };
		CAC47AFE2C8CD76F008AF768 /* Assets.xcassets in Resources */ = {isa = PBXBuildFile; fileRef = CAC47AFD2C8CD76F008AF768 /* Assets.xcassets */; };
		CAC47B012C8CD76F008AF768 /* Preview Assets.xcassets in Resources */ = {isa = PBXBuildFile; fileRef = CAC47B002C8CD76F008AF768 /* Preview Assets.xcassets */; };
		CAC47B0B2C8CD76F008AF768 /* WeNeverDie2MVVMTests.swift in Sources */ = {isa = PBXBuildFile; fileRef = CAC47B0A2C8CD76F008AF768 /* WeNeverDie2MVVMTests.swift */; };
		CAC47B152C8CD76F008AF768 /* WeNeverDie2MVVMUITests.swift in Sources */ = {isa = PBXBuildFile; fileRef = CAC47B142C8CD76F008AF768 /* WeNeverDie2MVVMUITests.swift */; };
		CAC47B172C8CD76F008AF768 /* WeNeverDie2MVVMUITestsLaunchTests.swift in Sources */ = {isa = PBXBuildFile; fileRef = CAC47B162C8CD76F008AF768 /* WeNeverDie2MVVMUITestsLaunchTests.swift */; };
		CAC47B242C8CD7B8008AF768 /* ViewDirector.swift in Sources */ = {isa = PBXBuildFile; fileRef = CAC47B232C8CD7B8008AF768 /* ViewDirector.swift */; };
		CAC47B262C8CD825008AF768 /* GameView.swift in Sources */ = {isa = PBXBuildFile; fileRef = CAC47B252C8CD825008AF768 /* GameView.swift */; };
		CAC47B302C8CD8F1008AF768 /* BuildTutorial.swift in Sources */ = {isa = PBXBuildFile; fileRef = CAC47B272C8CD8F1008AF768 /* BuildTutorial.swift */; };
		CAC47B312C8CD8F1008AF768 /* CampPhaseTutorial.swift in Sources */ = {isa = PBXBuildFile; fileRef = CAC47B282C8CD8F1008AF768 /* CampPhaseTutorial.swift */; };
		CAC47B322C8CD8F1008AF768 /* OutsidePhaseTutorial.swift in Sources */ = {isa = PBXBuildFile; fileRef = CAC47B292C8CD8F1008AF768 /* OutsidePhaseTutorial.swift */; };
		CAC47B332C8CD8F1008AF768 /* firstTutorialExit.swift in Sources */ = {isa = PBXBuildFile; fileRef = CAC47B2B2C8CD8F1008AF768 /* firstTutorialExit.swift */; };
		CAC47B342C8CD8F1008AF768 /* SkipTutorialButton.swift in Sources */ = {isa = PBXBuildFile; fileRef = CAC47B2C2C8CD8F1008AF768 /* SkipTutorialButton.swift */; };
		CAC47B352C8CD8F1008AF768 /* TutorialView.swift in Sources */ = {isa = PBXBuildFile; fileRef = CAC47B2E2C8CD8F1008AF768 /* TutorialView.swift */; };
		CAC47B742C8CD9B4008AF768 /* Kurt - Cheel.mp3 in Resources */ = {isa = PBXBuildFile; fileRef = CAC47B362C8CD9B4008AF768 /* Kurt - Cheel.mp3 */; };
		CAC47B752C8CD9B4008AF768 /* Rollin Through Osaka - MK2.mp3 in Resources */ = {isa = PBXBuildFile; fileRef = CAC47B372C8CD9B4008AF768 /* Rollin Through Osaka - MK2.mp3 */; };
		CAC47B762C8CD9B4008AF768 /* Shadows - Anno Domini Beats.mp3 in Resources */ = {isa = PBXBuildFile; fileRef = CAC47B382C8CD9B4008AF768 /* Shadows - Anno Domini Beats.mp3 */; };
		CAC47B772C8CD9B4008AF768 /* The Dismal Hand - The Whole Other.mp3 in Resources */ = {isa = PBXBuildFile; fileRef = CAC47B392C8CD9B4008AF768 /* The Dismal Hand - The Whole Other.mp3 */; };
		CAC47B782C8CD9B4008AF768 /* CloseButtonS.mp3 in Resources */ = {isa = PBXBuildFile; fileRef = CAC47B3B2C8CD9B4008AF768 /* CloseButtonS.mp3 */; };
		CAC47B792C8CD9B4008AF768 /* CloseTheFallen.mp3 in Resources */ = {isa = PBXBuildFile; fileRef = CAC47B3C2C8CD9B4008AF768 /* CloseTheFallen.mp3 */; };
		CAC47B7A2C8CD9B4008AF768 /* CloseTutorial.mp3 in Resources */ = {isa = PBXBuildFile; fileRef = CAC47B3D2C8CD9B4008AF768 /* CloseTutorial.mp3 */; };
		CAC47B7B2C8CD9B4008AF768 /* FRecruit.mp3 in Resources */ = {isa = PBXBuildFile; fileRef = CAC47B3E2C8CD9B4008AF768 /* FRecruit.mp3 */; };
		CAC47B7C2C8CD9B4008AF768 /* MRecruit.mp3 in Resources */ = {isa = PBXBuildFile; fileRef = CAC47B3F2C8CD9B4008AF768 /* MRecruit.mp3 */; };
		CAC47B7D2C8CD9B4008AF768 /* NextDayButtonS.mp3 in Resources */ = {isa = PBXBuildFile; fileRef = CAC47B402C8CD9B4008AF768 /* NextDayButtonS.mp3 */; };
		CAC47B7E2C8CD9B4008AF768 /* NextTurnButtonS.mp3 in Resources */ = {isa = PBXBuildFile; fileRef = CAC47B412C8CD9B4008AF768 /* NextTurnButtonS.mp3 */; };
		CAC47B7F2C8CD9B4008AF768 /* NoStaminaS.mp3 in Resources */ = {isa = PBXBuildFile; fileRef = CAC47B422C8CD9B4008AF768 /* NoStaminaS.mp3 */; };
		CAC47B802C8CD9B4008AF768 /* OpenButtonS.mp3 in Resources */ = {isa = PBXBuildFile; fileRef = CAC47B432C8CD9B4008AF768 /* OpenButtonS.mp3 */; };
		CAC47B812C8CD9B4008AF768 /* OpenTheFallen.mp3 in Resources */ = {isa = PBXBuildFile; fileRef = CAC47B442C8CD9B4008AF768 /* OpenTheFallen.mp3 */; };
		CAC47B822C8CD9B4008AF768 /* OpenTutorial.mp3 in Resources */ = {isa = PBXBuildFile; fileRef = CAC47B452C8CD9B4008AF768 /* OpenTutorial.mp3 */; };
		CAC47B832C8CD9B4008AF768 /* EmptySearch.mp3 in Resources */ = {isa = PBXBuildFile; fileRef = CAC47B472C8CD9B4008AF768 /* EmptySearch.mp3 */; };
		CAC47B842C8CD9B4008AF768 /* fixVolumeGrab.mp3 in Resources */ = {isa = PBXBuildFile; fileRef = CAC47B482C8CD9B4008AF768 /* fixVolumeGrab.mp3 */; };
		CAC47B852C8CD9B4008AF768 /* Van DoorSFX.mp3 in Resources */ = {isa = PBXBuildFile; fileRef = CAC47B492C8CD9B4008AF768 /* Van DoorSFX.mp3 */; };
		CAC47B862C8CD9B4008AF768 /* volFootsteps.mp3 in Resources */ = {isa = PBXBuildFile; fileRef = CAC47B4A2C8CD9B4008AF768 /* volFootsteps.mp3 */; };
		CAC47B882C8CD9B4008AF768 /* Alert Noise 3.mp3 in Resources */ = {isa = PBXBuildFile; fileRef = CAC47B4E2C8CD9B4008AF768 /* Alert Noise 3.mp3 */; };
		CAC47B892C8CD9B4008AF768 /* BuildWalk.mp3 in Resources */ = {isa = PBXBuildFile; fileRef = CAC47B4F2C8CD9B4008AF768 /* BuildWalk.mp3 */; };
		CAC47B8A2C8CD9B4008AF768 /* CloseButton.mp3 in Resources */ = {isa = PBXBuildFile; fileRef = CAC47B502C8CD9B4008AF768 /* CloseButton.mp3 */; };
		CAC47B8B2C8CD9B4008AF768 /* ForestWalkVol.mp3 in Resources */ = {isa = PBXBuildFile; fileRef = CAC47B512C8CD9B4008AF768 /* ForestWalkVol.mp3 */; };
		CAC47B8C2C8CD9B4008AF768 /* Improved Thump.mp3 in Resources */ = {isa = PBXBuildFile; fileRef = CAC47B522C8CD9B4008AF768 /* Improved Thump.mp3 */; };
		CAC47B8D2C8CD9B4008AF768 /* Long GrowlVol.mp3 in Resources */ = {isa = PBXBuildFile; fileRef = CAC47B532C8CD9B4008AF768 /* Long GrowlVol.mp3 */; };
		CAC47B8E2C8CD9B4008AF768 /* Monster NoisesVol.mp3 in Resources */ = {isa = PBXBuildFile; fileRef = CAC47B542C8CD9B4008AF768 /* Monster NoisesVol.mp3 */; };
		CAC47B8F2C8CD9B4008AF768 /* NoStamina.mp3 in Resources */ = {isa = PBXBuildFile; fileRef = CAC47B552C8CD9B4008AF768 /* NoStamina.mp3 */; };
		CAC47B902C8CD9B4008AF768 /* OpenButton.mp3 in Resources */ = {isa = PBXBuildFile; fileRef = CAC47B562C8CD9B4008AF768 /* OpenButton.mp3 */; };
		CAC47B912C8CD9B4008AF768 /* PassDayButton.mp3 in Resources */ = {isa = PBXBuildFile; fileRef = CAC47B572C8CD9B4008AF768 /* PassDayButton.mp3 */; };
		CAC47B922C8CD9B4008AF768 /* UtilitiesButton.mp3 in Resources */ = {isa = PBXBuildFile; fileRef = CAC47B582C8CD9B4008AF768 /* UtilitiesButton.mp3 */; };
		CAC47B932C8CD9B4008AF768 /* volCampDoor.mp3 in Resources */ = {isa = PBXBuildFile; fileRef = CAC47B592C8CD9B4008AF768 /* volCampDoor.mp3 */; };
		CAC47B942C8CD9B4008AF768 /* volCarStart.mp3 in Resources */ = {isa = PBXBuildFile; fileRef = CAC47B5A2C8CD9B4008AF768 /* volCarStart.mp3 */; };
		CAC47B952C8CD9B4008AF768 /* volHammerTaps.mp3 in Resources */ = {isa = PBXBuildFile; fileRef = CAC47B5B2C8CD9B4008AF768 /* volHammerTaps.mp3 */; };
		CAC47B962C8CD9B4008AF768 /* volStab.mp3 in Resources */ = {isa = PBXBuildFile; fileRef = CAC47B5C2C8CD9B4008AF768 /* volStab.mp3 */; };
		CAC47B972C8CD9B4008AF768 /* volWoodSound.mp3 in Resources */ = {isa = PBXBuildFile; fileRef = CAC47B5D2C8CD9B4008AF768 /* volWoodSound.mp3 */; };
		CAC47B982C8CD9B4008AF768 /* WaterWalk.mp3 in Resources */ = {isa = PBXBuildFile; fileRef = CAC47B5E2C8CD9B4008AF768 /* WaterWalk.mp3 */; };
		CAC47B992C8CD9B4008AF768 /* Wet EatingVol.mp3 in Resources */ = {isa = PBXBuildFile; fileRef = CAC47B5F2C8CD9B4008AF768 /* Wet EatingVol.mp3 */; };
		CAC47BA72C8CD9B4008AF768 /* AudioManager.swift in Sources */ = {isa = PBXBuildFile; fileRef = CAC47B722C8CD9B4008AF768 /* AudioManager.swift */; };
		CAC47C682C8CDBDB008AF768 /* Tile.swift in Sources */ = {isa = PBXBuildFile; fileRef = CAC47C672C8CDBDB008AF768 /* Tile.swift */; };
		CAC47C6A2C8CDBF9008AF768 /* Coord.swift in Sources */ = {isa = PBXBuildFile; fileRef = CAC47C692C8CDBF9008AF768 /* Coord.swift */; };
/* End PBXBuildFile section */

/* Begin PBXContainerItemProxy section */
		CAC47B072C8CD76F008AF768 /* PBXContainerItemProxy */ = {
			isa = PBXContainerItemProxy;
			containerPortal = CAC47AEC2C8CD76E008AF768 /* Project object */;
			proxyType = 1;
			remoteGlobalIDString = CAC47AF32C8CD76E008AF768;
			remoteInfo = WeNeverDie2MVVM;
		};
		CAC47B112C8CD76F008AF768 /* PBXContainerItemProxy */ = {
			isa = PBXContainerItemProxy;
			containerPortal = CAC47AEC2C8CD76E008AF768 /* Project object */;
			proxyType = 1;
			remoteGlobalIDString = CAC47AF32C8CD76E008AF768;
			remoteInfo = WeNeverDie2MVVM;
		};
/* End PBXContainerItemProxy section */

/* Begin PBXFileReference section */
		CA0BC1DB2CC17688008240E0 /* Camp.swift */ = {isa = PBXFileReference; lastKnownFileType = sourcecode.swift; path = Camp.swift; sourceTree = "<group>"; };
		CAC47AF42C8CD76E008AF768 /* WeNeverDie2MVVM.app */ = {isa = PBXFileReference; explicitFileType = wrapper.application; includeInIndex = 0; path = WeNeverDie2MVVM.app; sourceTree = BUILT_PRODUCTS_DIR; };
		CAC47AF72C8CD76E008AF768 /* WeNeverDie2MVVMApp.swift */ = {isa = PBXFileReference; lastKnownFileType = sourcecode.swift; path = WeNeverDie2MVVMApp.swift; sourceTree = "<group>"; };
		CAC47AFD2C8CD76F008AF768 /* Assets.xcassets */ = {isa = PBXFileReference; lastKnownFileType = folder.assetcatalog; path = Assets.xcassets; sourceTree = "<group>"; };
		CAC47B002C8CD76F008AF768 /* Preview Assets.xcassets */ = {isa = PBXFileReference; lastKnownFileType = folder.assetcatalog; path = "Preview Assets.xcassets"; sourceTree = "<group>"; };
		CAC47B062C8CD76F008AF768 /* WeNeverDie2MVVMTests.xctest */ = {isa = PBXFileReference; explicitFileType = wrapper.cfbundle; includeInIndex = 0; path = WeNeverDie2MVVMTests.xctest; sourceTree = BUILT_PRODUCTS_DIR; };
		CAC47B0A2C8CD76F008AF768 /* WeNeverDie2MVVMTests.swift */ = {isa = PBXFileReference; lastKnownFileType = sourcecode.swift; path = WeNeverDie2MVVMTests.swift; sourceTree = "<group>"; };
		CAC47B102C8CD76F008AF768 /* WeNeverDie2MVVMUITests.xctest */ = {isa = PBXFileReference; explicitFileType = wrapper.cfbundle; includeInIndex = 0; path = WeNeverDie2MVVMUITests.xctest; sourceTree = BUILT_PRODUCTS_DIR; };
		CAC47B142C8CD76F008AF768 /* WeNeverDie2MVVMUITests.swift */ = {isa = PBXFileReference; lastKnownFileType = sourcecode.swift; path = WeNeverDie2MVVMUITests.swift; sourceTree = "<group>"; };
		CAC47B162C8CD76F008AF768 /* WeNeverDie2MVVMUITestsLaunchTests.swift */ = {isa = PBXFileReference; lastKnownFileType = sourcecode.swift; path = WeNeverDie2MVVMUITestsLaunchTests.swift; sourceTree = "<group>"; };
		CAC47B232C8CD7B8008AF768 /* ViewDirector.swift */ = {isa = PBXFileReference; lastKnownFileType = sourcecode.swift; path = ViewDirector.swift; sourceTree = "<group>"; };
		CAC47B252C8CD825008AF768 /* GameView.swift */ = {isa = PBXFileReference; lastKnownFileType = sourcecode.swift; path = GameView.swift; sourceTree = "<group>"; };
		CAC47B272C8CD8F1008AF768 /* BuildTutorial.swift */ = {isa = PBXFileReference; fileEncoding = 4; lastKnownFileType = sourcecode.swift; path = BuildTutorial.swift; sourceTree = "<group>"; };
		CAC47B282C8CD8F1008AF768 /* CampPhaseTutorial.swift */ = {isa = PBXFileReference; fileEncoding = 4; lastKnownFileType = sourcecode.swift; path = CampPhaseTutorial.swift; sourceTree = "<group>"; };
		CAC47B292C8CD8F1008AF768 /* OutsidePhaseTutorial.swift */ = {isa = PBXFileReference; fileEncoding = 4; lastKnownFileType = sourcecode.swift; path = OutsidePhaseTutorial.swift; sourceTree = "<group>"; };
		CAC47B2B2C8CD8F1008AF768 /* firstTutorialExit.swift */ = {isa = PBXFileReference; fileEncoding = 4; lastKnownFileType = sourcecode.swift; path = firstTutorialExit.swift; sourceTree = "<group>"; };
		CAC47B2C2C8CD8F1008AF768 /* SkipTutorialButton.swift */ = {isa = PBXFileReference; fileEncoding = 4; lastKnownFileType = sourcecode.swift; path = SkipTutorialButton.swift; sourceTree = "<group>"; };
		CAC47B2E2C8CD8F1008AF768 /* TutorialView.swift */ = {isa = PBXFileReference; fileEncoding = 4; lastKnownFileType = sourcecode.swift; path = TutorialView.swift; sourceTree = "<group>"; };
		CAC47B362C8CD9B4008AF768 /* Kurt - Cheel.mp3 */ = {isa = PBXFileReference; lastKnownFileType = audio.mp3; path = "Kurt - Cheel.mp3"; sourceTree = "<group>"; };
		CAC47B372C8CD9B4008AF768 /* Rollin Through Osaka - MK2.mp3 */ = {isa = PBXFileReference; lastKnownFileType = audio.mp3; path = "Rollin Through Osaka - MK2.mp3"; sourceTree = "<group>"; };
		CAC47B382C8CD9B4008AF768 /* Shadows - Anno Domini Beats.mp3 */ = {isa = PBXFileReference; lastKnownFileType = audio.mp3; path = "Shadows - Anno Domini Beats.mp3"; sourceTree = "<group>"; };
		CAC47B392C8CD9B4008AF768 /* The Dismal Hand - The Whole Other.mp3 */ = {isa = PBXFileReference; lastKnownFileType = audio.mp3; path = "The Dismal Hand - The Whole Other.mp3"; sourceTree = "<group>"; };
		CAC47B3B2C8CD9B4008AF768 /* CloseButtonS.mp3 */ = {isa = PBXFileReference; lastKnownFileType = audio.mp3; path = CloseButtonS.mp3; sourceTree = "<group>"; };
		CAC47B3C2C8CD9B4008AF768 /* CloseTheFallen.mp3 */ = {isa = PBXFileReference; lastKnownFileType = audio.mp3; path = CloseTheFallen.mp3; sourceTree = "<group>"; };
		CAC47B3D2C8CD9B4008AF768 /* CloseTutorial.mp3 */ = {isa = PBXFileReference; lastKnownFileType = audio.mp3; path = CloseTutorial.mp3; sourceTree = "<group>"; };
		CAC47B3E2C8CD9B4008AF768 /* FRecruit.mp3 */ = {isa = PBXFileReference; lastKnownFileType = audio.mp3; path = FRecruit.mp3; sourceTree = "<group>"; };
		CAC47B3F2C8CD9B4008AF768 /* MRecruit.mp3 */ = {isa = PBXFileReference; lastKnownFileType = audio.mp3; path = MRecruit.mp3; sourceTree = "<group>"; };
		CAC47B402C8CD9B4008AF768 /* NextDayButtonS.mp3 */ = {isa = PBXFileReference; lastKnownFileType = audio.mp3; path = NextDayButtonS.mp3; sourceTree = "<group>"; };
		CAC47B412C8CD9B4008AF768 /* NextTurnButtonS.mp3 */ = {isa = PBXFileReference; lastKnownFileType = audio.mp3; path = NextTurnButtonS.mp3; sourceTree = "<group>"; };
		CAC47B422C8CD9B4008AF768 /* NoStaminaS.mp3 */ = {isa = PBXFileReference; lastKnownFileType = audio.mp3; path = NoStaminaS.mp3; sourceTree = "<group>"; };
		CAC47B432C8CD9B4008AF768 /* OpenButtonS.mp3 */ = {isa = PBXFileReference; lastKnownFileType = audio.mp3; path = OpenButtonS.mp3; sourceTree = "<group>"; };
		CAC47B442C8CD9B4008AF768 /* OpenTheFallen.mp3 */ = {isa = PBXFileReference; lastKnownFileType = audio.mp3; path = OpenTheFallen.mp3; sourceTree = "<group>"; };
		CAC47B452C8CD9B4008AF768 /* OpenTutorial.mp3 */ = {isa = PBXFileReference; lastKnownFileType = audio.mp3; path = OpenTutorial.mp3; sourceTree = "<group>"; };
		CAC47B472C8CD9B4008AF768 /* EmptySearch.mp3 */ = {isa = PBXFileReference; lastKnownFileType = audio.mp3; path = EmptySearch.mp3; sourceTree = "<group>"; };
		CAC47B482C8CD9B4008AF768 /* fixVolumeGrab.mp3 */ = {isa = PBXFileReference; lastKnownFileType = audio.mp3; path = fixVolumeGrab.mp3; sourceTree = "<group>"; };
		CAC47B492C8CD9B4008AF768 /* Van DoorSFX.mp3 */ = {isa = PBXFileReference; lastKnownFileType = audio.mp3; path = "Van DoorSFX.mp3"; sourceTree = "<group>"; };
		CAC47B4A2C8CD9B4008AF768 /* volFootsteps.mp3 */ = {isa = PBXFileReference; lastKnownFileType = audio.mp3; path = volFootsteps.mp3; sourceTree = "<group>"; };
		CAC47B4E2C8CD9B4008AF768 /* Alert Noise 3.mp3 */ = {isa = PBXFileReference; lastKnownFileType = audio.mp3; path = "Alert Noise 3.mp3"; sourceTree = "<group>"; };
		CAC47B4F2C8CD9B4008AF768 /* BuildWalk.mp3 */ = {isa = PBXFileReference; lastKnownFileType = audio.mp3; path = BuildWalk.mp3; sourceTree = "<group>"; };
		CAC47B502C8CD9B4008AF768 /* CloseButton.mp3 */ = {isa = PBXFileReference; lastKnownFileType = audio.mp3; path = CloseButton.mp3; sourceTree = "<group>"; };
		CAC47B512C8CD9B4008AF768 /* ForestWalkVol.mp3 */ = {isa = PBXFileReference; lastKnownFileType = audio.mp3; path = ForestWalkVol.mp3; sourceTree = "<group>"; };
		CAC47B522C8CD9B4008AF768 /* Improved Thump.mp3 */ = {isa = PBXFileReference; lastKnownFileType = audio.mp3; path = "Improved Thump.mp3"; sourceTree = "<group>"; };
		CAC47B532C8CD9B4008AF768 /* Long GrowlVol.mp3 */ = {isa = PBXFileReference; lastKnownFileType = audio.mp3; path = "Long GrowlVol.mp3"; sourceTree = "<group>"; };
		CAC47B542C8CD9B4008AF768 /* Monster NoisesVol.mp3 */ = {isa = PBXFileReference; lastKnownFileType = audio.mp3; path = "Monster NoisesVol.mp3"; sourceTree = "<group>"; };
		CAC47B552C8CD9B4008AF768 /* NoStamina.mp3 */ = {isa = PBXFileReference; lastKnownFileType = audio.mp3; path = NoStamina.mp3; sourceTree = "<group>"; };
		CAC47B562C8CD9B4008AF768 /* OpenButton.mp3 */ = {isa = PBXFileReference; lastKnownFileType = audio.mp3; path = OpenButton.mp3; sourceTree = "<group>"; };
		CAC47B572C8CD9B4008AF768 /* PassDayButton.mp3 */ = {isa = PBXFileReference; lastKnownFileType = audio.mp3; path = PassDayButton.mp3; sourceTree = "<group>"; };
		CAC47B582C8CD9B4008AF768 /* UtilitiesButton.mp3 */ = {isa = PBXFileReference; lastKnownFileType = audio.mp3; path = UtilitiesButton.mp3; sourceTree = "<group>"; };
		CAC47B592C8CD9B4008AF768 /* volCampDoor.mp3 */ = {isa = PBXFileReference; lastKnownFileType = audio.mp3; path = volCampDoor.mp3; sourceTree = "<group>"; };
		CAC47B5A2C8CD9B4008AF768 /* volCarStart.mp3 */ = {isa = PBXFileReference; lastKnownFileType = audio.mp3; path = volCarStart.mp3; sourceTree = "<group>"; };
		CAC47B5B2C8CD9B4008AF768 /* volHammerTaps.mp3 */ = {isa = PBXFileReference; lastKnownFileType = audio.mp3; path = volHammerTaps.mp3; sourceTree = "<group>"; };
		CAC47B5C2C8CD9B4008AF768 /* volStab.mp3 */ = {isa = PBXFileReference; lastKnownFileType = audio.mp3; path = volStab.mp3; sourceTree = "<group>"; };
		CAC47B5D2C8CD9B4008AF768 /* volWoodSound.mp3 */ = {isa = PBXFileReference; lastKnownFileType = audio.mp3; path = volWoodSound.mp3; sourceTree = "<group>"; };
		CAC47B5E2C8CD9B4008AF768 /* WaterWalk.mp3 */ = {isa = PBXFileReference; lastKnownFileType = audio.mp3; path = WaterWalk.mp3; sourceTree = "<group>"; };
		CAC47B5F2C8CD9B4008AF768 /* Wet EatingVol.mp3 */ = {isa = PBXFileReference; lastKnownFileType = audio.mp3; path = "Wet EatingVol.mp3"; sourceTree = "<group>"; };
		CAC47B722C8CD9B4008AF768 /* AudioManager.swift */ = {isa = PBXFileReference; fileEncoding = 4; lastKnownFileType = sourcecode.swift; path = AudioManager.swift; sourceTree = "<group>"; };
		CAC47C672C8CDBDB008AF768 /* Tile.swift */ = {isa = PBXFileReference; fileEncoding = 4; lastKnownFileType = sourcecode.swift; path = Tile.swift; sourceTree = "<group>"; };
		CAC47C692C8CDBF9008AF768 /* Coord.swift */ = {isa = PBXFileReference; fileEncoding = 4; lastKnownFileType = sourcecode.swift; path = Coord.swift; sourceTree = "<group>"; };
/* End PBXFileReference section */

/* Begin PBXFrameworksBuildPhase section */
		CAC47AF12C8CD76E008AF768 /* Frameworks */ = {
			isa = PBXFrameworksBuildPhase;
			buildActionMask = 2147483647;
			files = (
			);
			runOnlyForDeploymentPostprocessing = 0;
		};
		CAC47B032C8CD76F008AF768 /* Frameworks */ = {
			isa = PBXFrameworksBuildPhase;
			buildActionMask = 2147483647;
			files = (
			);
			runOnlyForDeploymentPostprocessing = 0;
		};
		CAC47B0D2C8CD76F008AF768 /* Frameworks */ = {
			isa = PBXFrameworksBuildPhase;
			buildActionMask = 2147483647;
			files = (
			);
			runOnlyForDeploymentPostprocessing = 0;
		};
/* End PBXFrameworksBuildPhase section */

/* Begin PBXGroup section */
		CAC47AEB2C8CD76E008AF768 = {
			isa = PBXGroup;
			children = (
				CAC47AF62C8CD76E008AF768 /* WeNeverDie2MVVM */,
				CAC47B092C8CD76F008AF768 /* WeNeverDie2MVVMTests */,
				CAC47B132C8CD76F008AF768 /* WeNeverDie2MVVMUITests */,
				CAC47AF52C8CD76E008AF768 /* Products */,
			);
			sourceTree = "<group>";
		};
		CAC47AF52C8CD76E008AF768 /* Products */ = {
			isa = PBXGroup;
			children = (
				CAC47AF42C8CD76E008AF768 /* WeNeverDie2MVVM.app */,
				CAC47B062C8CD76F008AF768 /* WeNeverDie2MVVMTests.xctest */,
				CAC47B102C8CD76F008AF768 /* WeNeverDie2MVVMUITests.xctest */,
			);
			name = Products;
			sourceTree = "<group>";
		};
		CAC47AF62C8CD76E008AF768 /* WeNeverDie2MVVM */ = {
			isa = PBXGroup;
			children = (
				CAC47B732C8CD9B4008AF768 /* Sounds */,
				CAC47AF72C8CD76E008AF768 /* WeNeverDie2MVVMApp.swift */,
				CAC47B252C8CD825008AF768 /* GameView.swift */,
				CA0BC1DB2CC17688008240E0 /* Camp.swift */,
				CAC47B232C8CD7B8008AF768 /* ViewDirector.swift */,
				CAC47C692C8CDBF9008AF768 /* Coord.swift */,
				CAC47C672C8CDBDB008AF768 /* Tile.swift */,
				CAC47B2F2C8CD8F1008AF768 /* Tutorial */,
				CAC47AFD2C8CD76F008AF768 /* Assets.xcassets */,
				CAC47AFF2C8CD76F008AF768 /* Preview Content */,
			);
			path = WeNeverDie2MVVM;
			sourceTree = "<group>";
		};
		CAC47AFF2C8CD76F008AF768 /* Preview Content */ = {
			isa = PBXGroup;
			children = (
				CAC47B002C8CD76F008AF768 /* Preview Assets.xcassets */,
			);
			path = "Preview Content";
			sourceTree = "<group>";
		};
		CAC47B092C8CD76F008AF768 /* WeNeverDie2MVVMTests */ = {
			isa = PBXGroup;
			children = (
				CAC47B0A2C8CD76F008AF768 /* WeNeverDie2MVVMTests.swift */,
			);
			path = WeNeverDie2MVVMTests;
			sourceTree = "<group>";
		};
		CAC47B132C8CD76F008AF768 /* WeNeverDie2MVVMUITests */ = {
			isa = PBXGroup;
			children = (
				CAC47B142C8CD76F008AF768 /* WeNeverDie2MVVMUITests.swift */,
				CAC47B162C8CD76F008AF768 /* WeNeverDie2MVVMUITestsLaunchTests.swift */,
			);
			path = WeNeverDie2MVVMUITests;
			sourceTree = "<group>";
		};
		CAC47B2A2C8CD8F1008AF768 /* Tutorials */ = {
			isa = PBXGroup;
			children = (
				CAC47B272C8CD8F1008AF768 /* BuildTutorial.swift */,
				CAC47B282C8CD8F1008AF768 /* CampPhaseTutorial.swift */,
				CAC47B292C8CD8F1008AF768 /* OutsidePhaseTutorial.swift */,
			);
			path = Tutorials;
			sourceTree = "<group>";
		};
		CAC47B2D2C8CD8F1008AF768 /* View Elements */ = {
			isa = PBXGroup;
			children = (
				CAC47B2B2C8CD8F1008AF768 /* firstTutorialExit.swift */,
				CAC47B2C2C8CD8F1008AF768 /* SkipTutorialButton.swift */,
			);
			path = "View Elements";
			sourceTree = "<group>";
		};
		CAC47B2F2C8CD8F1008AF768 /* Tutorial */ = {
			isa = PBXGroup;
			children = (
				CAC47B2A2C8CD8F1008AF768 /* Tutorials */,
				CAC47B2D2C8CD8F1008AF768 /* View Elements */,
				CAC47B2E2C8CD8F1008AF768 /* TutorialView.swift */,
			);
			path = Tutorial;
			sourceTree = "<group>";
		};
		CAC47B3A2C8CD9B4008AF768 /* Music */ = {
			isa = PBXGroup;
			children = (
				CAC47B362C8CD9B4008AF768 /* Kurt - Cheel.mp3 */,
				CAC47B372C8CD9B4008AF768 /* Rollin Through Osaka - MK2.mp3 */,
				CAC47B382C8CD9B4008AF768 /* Shadows - Anno Domini Beats.mp3 */,
				CAC47B392C8CD9B4008AF768 /* The Dismal Hand - The Whole Other.mp3 */,
			);
			path = Music;
			sourceTree = "<group>";
		};
		CAC47B462C8CD9B4008AF768 /* NewSounds */ = {
			isa = PBXGroup;
			children = (
				CAC47B3B2C8CD9B4008AF768 /* CloseButtonS.mp3 */,
				CAC47B3C2C8CD9B4008AF768 /* CloseTheFallen.mp3 */,
				CAC47B3D2C8CD9B4008AF768 /* CloseTutorial.mp3 */,
				CAC47B3E2C8CD9B4008AF768 /* FRecruit.mp3 */,
				CAC47B3F2C8CD9B4008AF768 /* MRecruit.mp3 */,
				CAC47B402C8CD9B4008AF768 /* NextDayButtonS.mp3 */,
				CAC47B412C8CD9B4008AF768 /* NextTurnButtonS.mp3 */,
				CAC47B422C8CD9B4008AF768 /* NoStaminaS.mp3 */,
				CAC47B432C8CD9B4008AF768 /* OpenButtonS.mp3 */,
				CAC47B442C8CD9B4008AF768 /* OpenTheFallen.mp3 */,
				CAC47B452C8CD9B4008AF768 /* OpenTutorial.mp3 */,
			);
			path = NewSounds;
			sourceTree = "<group>";
		};
		CAC47B4B2C8CD9B4008AF768 /* PlayerSFX */ = {
			isa = PBXGroup;
			children = (
				CAC47B472C8CD9B4008AF768 /* EmptySearch.mp3 */,
				CAC47B482C8CD9B4008AF768 /* fixVolumeGrab.mp3 */,
				CAC47B492C8CD9B4008AF768 /* Van DoorSFX.mp3 */,
				CAC47B4A2C8CD9B4008AF768 /* volFootsteps.mp3 */,
			);
			path = PlayerSFX;
			sourceTree = "<group>";
		};
		CAC47B602C8CD9B4008AF768 /* Sound Effects */ = {
			isa = PBXGroup;
			children = (
				CAC47B462C8CD9B4008AF768 /* NewSounds */,
				CAC47B4B2C8CD9B4008AF768 /* PlayerSFX */,
				CAC47B4E2C8CD9B4008AF768 /* Alert Noise 3.mp3 */,
				CAC47B4F2C8CD9B4008AF768 /* BuildWalk.mp3 */,
				CAC47B502C8CD9B4008AF768 /* CloseButton.mp3 */,
				CAC47B512C8CD9B4008AF768 /* ForestWalkVol.mp3 */,
				CAC47B522C8CD9B4008AF768 /* Improved Thump.mp3 */,
				CAC47B532C8CD9B4008AF768 /* Long GrowlVol.mp3 */,
				CAC47B542C8CD9B4008AF768 /* Monster NoisesVol.mp3 */,
				CAC47B552C8CD9B4008AF768 /* NoStamina.mp3 */,
				CAC47B562C8CD9B4008AF768 /* OpenButton.mp3 */,
				CAC47B572C8CD9B4008AF768 /* PassDayButton.mp3 */,
				CAC47B582C8CD9B4008AF768 /* UtilitiesButton.mp3 */,
				CAC47B592C8CD9B4008AF768 /* volCampDoor.mp3 */,
				CAC47B5A2C8CD9B4008AF768 /* volCarStart.mp3 */,
				CAC47B5B2C8CD9B4008AF768 /* volHammerTaps.mp3 */,
				CAC47B5C2C8CD9B4008AF768 /* volStab.mp3 */,
				CAC47B5D2C8CD9B4008AF768 /* volWoodSound.mp3 */,
				CAC47B5E2C8CD9B4008AF768 /* WaterWalk.mp3 */,
				CAC47B5F2C8CD9B4008AF768 /* Wet EatingVol.mp3 */,
			);
			path = "Sound Effects";
			sourceTree = "<group>";
		};
		CAC47B732C8CD9B4008AF768 /* Sounds */ = {
			isa = PBXGroup;
			children = (
				CAC47B3A2C8CD9B4008AF768 /* Music */,
				CAC47B602C8CD9B4008AF768 /* Sound Effects */,
				CAC47B722C8CD9B4008AF768 /* AudioManager.swift */,
			);
			path = Sounds;
			sourceTree = "<group>";
		};
/* End PBXGroup section */

/* Begin PBXNativeTarget section */
		CAC47AF32C8CD76E008AF768 /* WeNeverDie2MVVM */ = {
			isa = PBXNativeTarget;
			buildConfigurationList = CAC47B1A2C8CD76F008AF768 /* Build configuration list for PBXNativeTarget "WeNeverDie2MVVM" */;
			buildPhases = (
				CAC47AF02C8CD76E008AF768 /* Sources */,
				CAC47AF12C8CD76E008AF768 /* Frameworks */,
				CAC47AF22C8CD76E008AF768 /* Resources */,
			);
			buildRules = (
			);
			dependencies = (
			);
			name = WeNeverDie2MVVM;
			productName = WeNeverDie2MVVM;
			productReference = CAC47AF42C8CD76E008AF768 /* WeNeverDie2MVVM.app */;
			productType = "com.apple.product-type.application";
		};
		CAC47B052C8CD76F008AF768 /* WeNeverDie2MVVMTests */ = {
			isa = PBXNativeTarget;
			buildConfigurationList = CAC47B1D2C8CD76F008AF768 /* Build configuration list for PBXNativeTarget "WeNeverDie2MVVMTests" */;
			buildPhases = (
				CAC47B022C8CD76F008AF768 /* Sources */,
				CAC47B032C8CD76F008AF768 /* Frameworks */,
				CAC47B042C8CD76F008AF768 /* Resources */,
			);
			buildRules = (
			);
			dependencies = (
				CAC47B082C8CD76F008AF768 /* PBXTargetDependency */,
			);
			name = WeNeverDie2MVVMTests;
			productName = WeNeverDie2MVVMTests;
			productReference = CAC47B062C8CD76F008AF768 /* WeNeverDie2MVVMTests.xctest */;
			productType = "com.apple.product-type.bundle.unit-test";
		};
		CAC47B0F2C8CD76F008AF768 /* WeNeverDie2MVVMUITests */ = {
			isa = PBXNativeTarget;
			buildConfigurationList = CAC47B202C8CD76F008AF768 /* Build configuration list for PBXNativeTarget "WeNeverDie2MVVMUITests" */;
			buildPhases = (
				CAC47B0C2C8CD76F008AF768 /* Sources */,
				CAC47B0D2C8CD76F008AF768 /* Frameworks */,
				CAC47B0E2C8CD76F008AF768 /* Resources */,
			);
			buildRules = (
			);
			dependencies = (
				CAC47B122C8CD76F008AF768 /* PBXTargetDependency */,
			);
			name = WeNeverDie2MVVMUITests;
			productName = WeNeverDie2MVVMUITests;
			productReference = CAC47B102C8CD76F008AF768 /* WeNeverDie2MVVMUITests.xctest */;
			productType = "com.apple.product-type.bundle.ui-testing";
		};
/* End PBXNativeTarget section */

/* Begin PBXProject section */
		CAC47AEC2C8CD76E008AF768 /* Project object */ = {
			isa = PBXProject;
			attributes = {
				BuildIndependentTargetsInParallel = 1;
				LastSwiftUpdateCheck = 1540;
				LastUpgradeCheck = 1540;
				TargetAttributes = {
					CAC47AF32C8CD76E008AF768 = {
						CreatedOnToolsVersion = 15.4;
					};
					CAC47B052C8CD76F008AF768 = {
						CreatedOnToolsVersion = 15.4;
						TestTargetID = CAC47AF32C8CD76E008AF768;
					};
					CAC47B0F2C8CD76F008AF768 = {
						CreatedOnToolsVersion = 15.4;
						TestTargetID = CAC47AF32C8CD76E008AF768;
					};
				};
			};
			buildConfigurationList = CAC47AEF2C8CD76E008AF768 /* Build configuration list for PBXProject "WeNeverDie2MVVM" */;
			compatibilityVersion = "Xcode 14.0";
			developmentRegion = en;
			hasScannedForEncodings = 0;
			knownRegions = (
				en,
				Base,
			);
			mainGroup = CAC47AEB2C8CD76E008AF768;
			productRefGroup = CAC47AF52C8CD76E008AF768 /* Products */;
			projectDirPath = "";
			projectRoot = "";
			targets = (
				CAC47AF32C8CD76E008AF768 /* WeNeverDie2MVVM */,
				CAC47B052C8CD76F008AF768 /* WeNeverDie2MVVMTests */,
				CAC47B0F2C8CD76F008AF768 /* WeNeverDie2MVVMUITests */,
			);
		};
/* End PBXProject section */

/* Begin PBXResourcesBuildPhase section */
		CAC47AF22C8CD76E008AF768 /* Resources */ = {
			isa = PBXResourcesBuildPhase;
			buildActionMask = 2147483647;
			files = (
				CAC47B912C8CD9B4008AF768 /* PassDayButton.mp3 in Resources */,
				CAC47B922C8CD9B4008AF768 /* UtilitiesButton.mp3 in Resources */,
				CAC47B7D2C8CD9B4008AF768 /* NextDayButtonS.mp3 in Resources */,
				CAC47B972C8CD9B4008AF768 /* volWoodSound.mp3 in Resources */,
				CAC47B7C2C8CD9B4008AF768 /* MRecruit.mp3 in Resources */,
				CAC47B832C8CD9B4008AF768 /* EmptySearch.mp3 in Resources */,
				CAC47B742C8CD9B4008AF768 /* Kurt - Cheel.mp3 in Resources */,
				CAC47B962C8CD9B4008AF768 /* volStab.mp3 in Resources */,
				CAC47B992C8CD9B4008AF768 /* Wet EatingVol.mp3 in Resources */,
				CAC47B792C8CD9B4008AF768 /* CloseTheFallen.mp3 in Resources */,
				CAC47B812C8CD9B4008AF768 /* OpenTheFallen.mp3 in Resources */,
				CAC47B762C8CD9B4008AF768 /* Shadows - Anno Domini Beats.mp3 in Resources */,
				CAC47B772C8CD9B4008AF768 /* The Dismal Hand - The Whole Other.mp3 in Resources */,
				CAC47B8B2C8CD9B4008AF768 /* ForestWalkVol.mp3 in Resources */,
				CAC47B7A2C8CD9B4008AF768 /* CloseTutorial.mp3 in Resources */,
				CAC47B012C8CD76F008AF768 /* Preview Assets.xcassets in Resources */,
				CAC47B822C8CD9B4008AF768 /* OpenTutorial.mp3 in Resources */,
				CAC47B7E2C8CD9B4008AF768 /* NextTurnButtonS.mp3 in Resources */,
				CAC47AFE2C8CD76F008AF768 /* Assets.xcassets in Resources */,
				CAC47B8F2C8CD9B4008AF768 /* NoStamina.mp3 in Resources */,
				CAC47B802C8CD9B4008AF768 /* OpenButtonS.mp3 in Resources */,
				CAC47B782C8CD9B4008AF768 /* CloseButtonS.mp3 in Resources */,
				CAC47B7B2C8CD9B4008AF768 /* FRecruit.mp3 in Resources */,
				CAC47B862C8CD9B4008AF768 /* volFootsteps.mp3 in Resources */,
				CAC47B892C8CD9B4008AF768 /* BuildWalk.mp3 in Resources */,
				CAC47B8A2C8CD9B4008AF768 /* CloseButton.mp3 in Resources */,
				CAC47B752C8CD9B4008AF768 /* Rollin Through Osaka - MK2.mp3 in Resources */,
				CAC47B932C8CD9B4008AF768 /* volCampDoor.mp3 in Resources */,
				CAC47B952C8CD9B4008AF768 /* volHammerTaps.mp3 in Resources */,
				CAC47B982C8CD9B4008AF768 /* WaterWalk.mp3 in Resources */,
				CAC47B8C2C8CD9B4008AF768 /* Improved Thump.mp3 in Resources */,
				CAC47B8D2C8CD9B4008AF768 /* Long GrowlVol.mp3 in Resources */,
				CAC47B8E2C8CD9B4008AF768 /* Monster NoisesVol.mp3 in Resources */,
				CAC47B842C8CD9B4008AF768 /* fixVolumeGrab.mp3 in Resources */,
				CAC47B902C8CD9B4008AF768 /* OpenButton.mp3 in Resources */,
				CAC47B942C8CD9B4008AF768 /* volCarStart.mp3 in Resources */,
				CAC47B7F2C8CD9B4008AF768 /* NoStaminaS.mp3 in Resources */,
				CAC47B882C8CD9B4008AF768 /* Alert Noise 3.mp3 in Resources */,
				CAC47B852C8CD9B4008AF768 /* Van DoorSFX.mp3 in Resources */,
			);
			runOnlyForDeploymentPostprocessing = 0;
		};
		CAC47B042C8CD76F008AF768 /* Resources */ = {
			isa = PBXResourcesBuildPhase;
			buildActionMask = 2147483647;
			files = (
			);
			runOnlyForDeploymentPostprocessing = 0;
		};
		CAC47B0E2C8CD76F008AF768 /* Resources */ = {
			isa = PBXResourcesBuildPhase;
			buildActionMask = 2147483647;
			files = (
			);
			runOnlyForDeploymentPostprocessing = 0;
		};
/* End PBXResourcesBuildPhase section */

/* Begin PBXSourcesBuildPhase section */
		CAC47AF02C8CD76E008AF768 /* Sources */ = {
			isa = PBXSourcesBuildPhase;
			buildActionMask = 2147483647;
			files = (
				CAC47B242C8CD7B8008AF768 /* ViewDirector.swift in Sources */,
				CAC47B262C8CD825008AF768 /* GameView.swift in Sources */,
				CAC47B352C8CD8F1008AF768 /* TutorialView.swift in Sources */,
				CAC47B342C8CD8F1008AF768 /* SkipTutorialButton.swift in Sources */,
				CAC47B312C8CD8F1008AF768 /* CampPhaseTutorial.swift in Sources */,
				CAC47B322C8CD8F1008AF768 /* OutsidePhaseTutorial.swift in Sources */,
				CAC47B302C8CD8F1008AF768 /* BuildTutorial.swift in Sources */,
				CAC47B332C8CD8F1008AF768 /* firstTutorialExit.swift in Sources */,
				CA0BC1DC2CC17688008240E0 /* Camp.swift in Sources */,
				CAC47BA72C8CD9B4008AF768 /* AudioManager.swift in Sources */,
				CAC47C6A2C8CDBF9008AF768 /* Coord.swift in Sources */,
				CAC47C682C8CDBDB008AF768 /* Tile.swift in Sources */,
				CAC47AF82C8CD76E008AF768 /* WeNeverDie2MVVMApp.swift in Sources */,
			);
			runOnlyForDeploymentPostprocessing = 0;
		};
		CAC47B022C8CD76F008AF768 /* Sources */ = {
			isa = PBXSourcesBuildPhase;
			buildActionMask = 2147483647;
			files = (
				CAC47B0B2C8CD76F008AF768 /* WeNeverDie2MVVMTests.swift in Sources */,
			);
			runOnlyForDeploymentPostprocessing = 0;
		};
		CAC47B0C2C8CD76F008AF768 /* Sources */ = {
			isa = PBXSourcesBuildPhase;
			buildActionMask = 2147483647;
			files = (
				CAC47B152C8CD76F008AF768 /* WeNeverDie2MVVMUITests.swift in Sources */,
				CAC47B172C8CD76F008AF768 /* WeNeverDie2MVVMUITestsLaunchTests.swift in Sources */,
			);
			runOnlyForDeploymentPostprocessing = 0;
		};
/* End PBXSourcesBuildPhase section */

/* Begin PBXTargetDependency section */
		CAC47B082C8CD76F008AF768 /* PBXTargetDependency */ = {
			isa = PBXTargetDependency;
			target = CAC47AF32C8CD76E008AF768 /* WeNeverDie2MVVM */;
			targetProxy = CAC47B072C8CD76F008AF768 /* PBXContainerItemProxy */;
		};
		CAC47B122C8CD76F008AF768 /* PBXTargetDependency */ = {
			isa = PBXTargetDependency;
			target = CAC47AF32C8CD76E008AF768 /* WeNeverDie2MVVM */;
			targetProxy = CAC47B112C8CD76F008AF768 /* PBXContainerItemProxy */;
		};
/* End PBXTargetDependency section */

/* Begin XCBuildConfiguration section */
		CAC47B182C8CD76F008AF768 /* Debug */ = {
			isa = XCBuildConfiguration;
			buildSettings = {
				ALWAYS_SEARCH_USER_PATHS = NO;
				ASSETCATALOG_COMPILER_GENERATE_SWIFT_ASSET_SYMBOL_EXTENSIONS = YES;
				CLANG_ANALYZER_NONNULL = YES;
				CLANG_ANALYZER_NUMBER_OBJECT_CONVERSION = YES_AGGRESSIVE;
				CLANG_CXX_LANGUAGE_STANDARD = "gnu++20";
				CLANG_ENABLE_MODULES = YES;
				CLANG_ENABLE_OBJC_ARC = YES;
				CLANG_ENABLE_OBJC_WEAK = YES;
				CLANG_WARN_BLOCK_CAPTURE_AUTORELEASING = YES;
				CLANG_WARN_BOOL_CONVERSION = YES;
				CLANG_WARN_COMMA = YES;
				CLANG_WARN_CONSTANT_CONVERSION = YES;
				CLANG_WARN_DEPRECATED_OBJC_IMPLEMENTATIONS = YES;
				CLANG_WARN_DIRECT_OBJC_ISA_USAGE = YES_ERROR;
				CLANG_WARN_DOCUMENTATION_COMMENTS = YES;
				CLANG_WARN_EMPTY_BODY = YES;
				CLANG_WARN_ENUM_CONVERSION = YES;
				CLANG_WARN_INFINITE_RECURSION = YES;
				CLANG_WARN_INT_CONVERSION = YES;
				CLANG_WARN_NON_LITERAL_NULL_CONVERSION = YES;
				CLANG_WARN_OBJC_IMPLICIT_RETAIN_SELF = YES;
				CLANG_WARN_OBJC_LITERAL_CONVERSION = YES;
				CLANG_WARN_OBJC_ROOT_CLASS = YES_ERROR;
				CLANG_WARN_QUOTED_INCLUDE_IN_FRAMEWORK_HEADER = YES;
				CLANG_WARN_RANGE_LOOP_ANALYSIS = YES;
				CLANG_WARN_STRICT_PROTOTYPES = YES;
				CLANG_WARN_SUSPICIOUS_MOVE = YES;
				CLANG_WARN_UNGUARDED_AVAILABILITY = YES_AGGRESSIVE;
				CLANG_WARN_UNREACHABLE_CODE = YES;
				CLANG_WARN__DUPLICATE_METHOD_MATCH = YES;
				COPY_PHASE_STRIP = NO;
				DEBUG_INFORMATION_FORMAT = dwarf;
				ENABLE_STRICT_OBJC_MSGSEND = YES;
				ENABLE_TESTABILITY = YES;
				ENABLE_USER_SCRIPT_SANDBOXING = YES;
				GCC_C_LANGUAGE_STANDARD = gnu17;
				GCC_DYNAMIC_NO_PIC = NO;
				GCC_NO_COMMON_BLOCKS = YES;
				GCC_OPTIMIZATION_LEVEL = 0;
				GCC_PREPROCESSOR_DEFINITIONS = (
					"DEBUG=1",
					"$(inherited)",
				);
				GCC_WARN_64_TO_32_BIT_CONVERSION = YES;
				GCC_WARN_ABOUT_RETURN_TYPE = YES_ERROR;
				GCC_WARN_UNDECLARED_SELECTOR = YES;
				GCC_WARN_UNINITIALIZED_AUTOS = YES_AGGRESSIVE;
				GCC_WARN_UNUSED_FUNCTION = YES;
				GCC_WARN_UNUSED_VARIABLE = YES;
				IPHONEOS_DEPLOYMENT_TARGET = 17.5;
				LOCALIZATION_PREFERS_STRING_CATALOGS = YES;
				MTL_ENABLE_DEBUG_INFO = INCLUDE_SOURCE;
				MTL_FAST_MATH = YES;
				ONLY_ACTIVE_ARCH = YES;
				SDKROOT = iphoneos;
				SWIFT_ACTIVE_COMPILATION_CONDITIONS = "DEBUG $(inherited)";
				SWIFT_OPTIMIZATION_LEVEL = "-Onone";
			};
			name = Debug;
		};
		CAC47B192C8CD76F008AF768 /* Release */ = {
			isa = XCBuildConfiguration;
			buildSettings = {
				ALWAYS_SEARCH_USER_PATHS = NO;
				ASSETCATALOG_COMPILER_GENERATE_SWIFT_ASSET_SYMBOL_EXTENSIONS = YES;
				CLANG_ANALYZER_NONNULL = YES;
				CLANG_ANALYZER_NUMBER_OBJECT_CONVERSION = YES_AGGRESSIVE;
				CLANG_CXX_LANGUAGE_STANDARD = "gnu++20";
				CLANG_ENABLE_MODULES = YES;
				CLANG_ENABLE_OBJC_ARC = YES;
				CLANG_ENABLE_OBJC_WEAK = YES;
				CLANG_WARN_BLOCK_CAPTURE_AUTORELEASING = YES;
				CLANG_WARN_BOOL_CONVERSION = YES;
				CLANG_WARN_COMMA = YES;
				CLANG_WARN_CONSTANT_CONVERSION = YES;
				CLANG_WARN_DEPRECATED_OBJC_IMPLEMENTATIONS = YES;
				CLANG_WARN_DIRECT_OBJC_ISA_USAGE = YES_ERROR;
				CLANG_WARN_DOCUMENTATION_COMMENTS = YES;
				CLANG_WARN_EMPTY_BODY = YES;
				CLANG_WARN_ENUM_CONVERSION = YES;
				CLANG_WARN_INFINITE_RECURSION = YES;
				CLANG_WARN_INT_CONVERSION = YES;
				CLANG_WARN_NON_LITERAL_NULL_CONVERSION = YES;
				CLANG_WARN_OBJC_IMPLICIT_RETAIN_SELF = YES;
				CLANG_WARN_OBJC_LITERAL_CONVERSION = YES;
				CLANG_WARN_OBJC_ROOT_CLASS = YES_ERROR;
				CLANG_WARN_QUOTED_INCLUDE_IN_FRAMEWORK_HEADER = YES;
				CLANG_WARN_RANGE_LOOP_ANALYSIS = YES;
				CLANG_WARN_STRICT_PROTOTYPES = YES;
				CLANG_WARN_SUSPICIOUS_MOVE = YES;
				CLANG_WARN_UNGUARDED_AVAILABILITY = YES_AGGRESSIVE;
				CLANG_WARN_UNREACHABLE_CODE = YES;
				CLANG_WARN__DUPLICATE_METHOD_MATCH = YES;
				COPY_PHASE_STRIP = NO;
				DEBUG_INFORMATION_FORMAT = "dwarf-with-dsym";
				ENABLE_NS_ASSERTIONS = NO;
				ENABLE_STRICT_OBJC_MSGSEND = YES;
				ENABLE_USER_SCRIPT_SANDBOXING = YES;
				GCC_C_LANGUAGE_STANDARD = gnu17;
				GCC_NO_COMMON_BLOCKS = YES;
				GCC_WARN_64_TO_32_BIT_CONVERSION = YES;
				GCC_WARN_ABOUT_RETURN_TYPE = YES_ERROR;
				GCC_WARN_UNDECLARED_SELECTOR = YES;
				GCC_WARN_UNINITIALIZED_AUTOS = YES_AGGRESSIVE;
				GCC_WARN_UNUSED_FUNCTION = YES;
				GCC_WARN_UNUSED_VARIABLE = YES;
				IPHONEOS_DEPLOYMENT_TARGET = 17.5;
				LOCALIZATION_PREFERS_STRING_CATALOGS = YES;
				MTL_ENABLE_DEBUG_INFO = NO;
				MTL_FAST_MATH = YES;
				SDKROOT = iphoneos;
				SWIFT_COMPILATION_MODE = wholemodule;
				VALIDATE_PRODUCT = YES;
			};
			name = Release;
		};
		CAC47B1B2C8CD76F008AF768 /* Debug */ = {
			isa = XCBuildConfiguration;
			buildSettings = {
				ASSETCATALOG_COMPILER_APPICON_NAME = AppIcon;
				ASSETCATALOG_COMPILER_GLOBAL_ACCENT_COLOR_NAME = AccentColor;
				CODE_SIGN_STYLE = Automatic;
				CURRENT_PROJECT_VERSION = 1;
				DEVELOPMENT_ASSET_PATHS = "\"WeNeverDie2MVVM/Preview Content\"";
				DEVELOPMENT_TEAM = 83Z22V6XMU;
				ENABLE_PREVIEWS = YES;
				GENERATE_INFOPLIST_FILE = YES;
				INFOPLIST_KEY_UIApplicationSceneManifest_Generation = YES;
				INFOPLIST_KEY_UIApplicationSupportsIndirectInputEvents = YES;
				INFOPLIST_KEY_UILaunchScreen_Generation = YES;
				INFOPLIST_KEY_UISupportedInterfaceOrientations_iPad = "UIInterfaceOrientationPortrait UIInterfaceOrientationPortraitUpsideDown UIInterfaceOrientationLandscapeLeft UIInterfaceOrientationLandscapeRight";
				INFOPLIST_KEY_UISupportedInterfaceOrientations_iPhone = "UIInterfaceOrientationPortrait UIInterfaceOrientationLandscapeLeft UIInterfaceOrientationLandscapeRight";
				LD_RUNPATH_SEARCH_PATHS = (
					"$(inherited)",
					"@executable_path/Frameworks",
				);
				MARKETING_VERSION = 1.0;
				PRODUCT_BUNDLE_IDENTIFIER = com.conner.yoon.WeNeverDie2MVVM;
				PRODUCT_NAME = "$(TARGET_NAME)";
				SWIFT_EMIT_LOC_STRINGS = YES;
				SWIFT_VERSION = 5.0;
				TARGETED_DEVICE_FAMILY = "1,2";
			};
			name = Debug;
		};
		CAC47B1C2C8CD76F008AF768 /* Release */ = {
			isa = XCBuildConfiguration;
			buildSettings = {
				ASSETCATALOG_COMPILER_APPICON_NAME = AppIcon;
				ASSETCATALOG_COMPILER_GLOBAL_ACCENT_COLOR_NAME = AccentColor;
				CODE_SIGN_STYLE = Automatic;
				CURRENT_PROJECT_VERSION = 1;
				DEVELOPMENT_ASSET_PATHS = "\"WeNeverDie2MVVM/Preview Content\"";
				DEVELOPMENT_TEAM = 83Z22V6XMU;
				ENABLE_PREVIEWS = YES;
				GENERATE_INFOPLIST_FILE = YES;
				INFOPLIST_KEY_UIApplicationSceneManifest_Generation = YES;
				INFOPLIST_KEY_UIApplicationSupportsIndirectInputEvents = YES;
				INFOPLIST_KEY_UILaunchScreen_Generation = YES;
				INFOPLIST_KEY_UISupportedInterfaceOrientations_iPad = "UIInterfaceOrientationPortrait UIInterfaceOrientationPortraitUpsideDown UIInterfaceOrientationLandscapeLeft UIInterfaceOrientationLandscapeRight";
				INFOPLIST_KEY_UISupportedInterfaceOrientations_iPhone = "UIInterfaceOrientationPortrait UIInterfaceOrientationLandscapeLeft UIInterfaceOrientationLandscapeRight";
				LD_RUNPATH_SEARCH_PATHS = (
					"$(inherited)",
					"@executable_path/Frameworks",
				);
				MARKETING_VERSION = 1.0;
				PRODUCT_BUNDLE_IDENTIFIER = com.conner.yoon.WeNeverDie2MVVM;
				PRODUCT_NAME = "$(TARGET_NAME)";
				SWIFT_EMIT_LOC_STRINGS = YES;
				SWIFT_VERSION = 5.0;
				TARGETED_DEVICE_FAMILY = "1,2";
			};
			name = Release;
		};
		CAC47B1E2C8CD76F008AF768 /* Debug */ = {
			isa = XCBuildConfiguration;
			buildSettings = {
				ALWAYS_EMBED_SWIFT_STANDARD_LIBRARIES = YES;
				BUNDLE_LOADER = "$(TEST_HOST)";
				CODE_SIGN_STYLE = Automatic;
				CURRENT_PROJECT_VERSION = 1;
				DEVELOPMENT_TEAM = 83Z22V6XMU;
				GENERATE_INFOPLIST_FILE = YES;
				IPHONEOS_DEPLOYMENT_TARGET = 17.5;
				MARKETING_VERSION = 1.0;
				PRODUCT_BUNDLE_IDENTIFIER = com.conner.yoon.WeNeverDie2MVVMTests;
				PRODUCT_NAME = "$(TARGET_NAME)";
				SWIFT_EMIT_LOC_STRINGS = NO;
				SWIFT_VERSION = 5.0;
				TARGETED_DEVICE_FAMILY = "1,2";
				TEST_HOST = "$(BUILT_PRODUCTS_DIR)/WeNeverDie2MVVM.app/$(BUNDLE_EXECUTABLE_FOLDER_PATH)/WeNeverDie2MVVM";
			};
			name = Debug;
		};
		CAC47B1F2C8CD76F008AF768 /* Release */ = {
			isa = XCBuildConfiguration;
			buildSettings = {
				ALWAYS_EMBED_SWIFT_STANDARD_LIBRARIES = YES;
				BUNDLE_LOADER = "$(TEST_HOST)";
				CODE_SIGN_STYLE = Automatic;
				CURRENT_PROJECT_VERSION = 1;
				DEVELOPMENT_TEAM = 83Z22V6XMU;
				GENERATE_INFOPLIST_FILE = YES;
				IPHONEOS_DEPLOYMENT_TARGET = 17.5;
				MARKETING_VERSION = 1.0;
				PRODUCT_BUNDLE_IDENTIFIER = com.conner.yoon.WeNeverDie2MVVMTests;
				PRODUCT_NAME = "$(TARGET_NAME)";
				SWIFT_EMIT_LOC_STRINGS = NO;
				SWIFT_VERSION = 5.0;
				TARGETED_DEVICE_FAMILY = "1,2";
				TEST_HOST = "$(BUILT_PRODUCTS_DIR)/WeNeverDie2MVVM.app/$(BUNDLE_EXECUTABLE_FOLDER_PATH)/WeNeverDie2MVVM";
			};
			name = Release;
		};
		CAC47B212C8CD76F008AF768 /* Debug */ = {
			isa = XCBuildConfiguration;
			buildSettings = {
				ALWAYS_EMBED_SWIFT_STANDARD_LIBRARIES = YES;
				CODE_SIGN_STYLE = Automatic;
				CURRENT_PROJECT_VERSION = 1;
				DEVELOPMENT_TEAM = 83Z22V6XMU;
				GENERATE_INFOPLIST_FILE = YES;
				MARKETING_VERSION = 1.0;
				PRODUCT_BUNDLE_IDENTIFIER = com.conner.yoon.WeNeverDie2MVVMUITests;
				PRODUCT_NAME = "$(TARGET_NAME)";
				SWIFT_EMIT_LOC_STRINGS = NO;
				SWIFT_VERSION = 5.0;
				TARGETED_DEVICE_FAMILY = "1,2";
				TEST_TARGET_NAME = WeNeverDie2MVVM;
			};
			name = Debug;
		};
		CAC47B222C8CD76F008AF768 /* Release */ = {
			isa = XCBuildConfiguration;
			buildSettings = {
				ALWAYS_EMBED_SWIFT_STANDARD_LIBRARIES = YES;
				CODE_SIGN_STYLE = Automatic;
				CURRENT_PROJECT_VERSION = 1;
				DEVELOPMENT_TEAM = 83Z22V6XMU;
				GENERATE_INFOPLIST_FILE = YES;
				MARKETING_VERSION = 1.0;
				PRODUCT_BUNDLE_IDENTIFIER = com.conner.yoon.WeNeverDie2MVVMUITests;
				PRODUCT_NAME = "$(TARGET_NAME)";
				SWIFT_EMIT_LOC_STRINGS = NO;
				SWIFT_VERSION = 5.0;
				TARGETED_DEVICE_FAMILY = "1,2";
				TEST_TARGET_NAME = WeNeverDie2MVVM;
			};
			name = Release;
		};
/* End XCBuildConfiguration section */

/* Begin XCConfigurationList section */
		CAC47AEF2C8CD76E008AF768 /* Build configuration list for PBXProject "WeNeverDie2MVVM" */ = {
			isa = XCConfigurationList;
			buildConfigurations = (
				CAC47B182C8CD76F008AF768 /* Debug */,
				CAC47B192C8CD76F008AF768 /* Release */,
			);
			defaultConfigurationIsVisible = 0;
			defaultConfigurationName = Release;
		};
		CAC47B1A2C8CD76F008AF768 /* Build configuration list for PBXNativeTarget "WeNeverDie2MVVM" */ = {
			isa = XCConfigurationList;
			buildConfigurations = (
				CAC47B1B2C8CD76F008AF768 /* Debug */,
				CAC47B1C2C8CD76F008AF768 /* Release */,
			);
			defaultConfigurationIsVisible = 0;
			defaultConfigurationName = Release;
		};
		CAC47B1D2C8CD76F008AF768 /* Build configuration list for PBXNativeTarget "WeNeverDie2MVVMTests" */ = {
			isa = XCConfigurationList;
			buildConfigurations = (
				CAC47B1E2C8CD76F008AF768 /* Debug */,
				CAC47B1F2C8CD76F008AF768 /* Release */,
			);
			defaultConfigurationIsVisible = 0;
			defaultConfigurationName = Release;
		};
		CAC47B202C8CD76F008AF768 /* Build configuration list for PBXNativeTarget "WeNeverDie2MVVMUITests" */ = {
			isa = XCConfigurationList;
			buildConfigurations = (
				CAC47B212C8CD76F008AF768 /* Debug */,
				CAC47B222C8CD76F008AF768 /* Release */,
			);
			defaultConfigurationIsVisible = 0;
			defaultConfigurationName = Release;
		};
/* End XCConfigurationList section */
	};
	rootObject = CAC47AEC2C8CD76E008AF768 /* Project object */;
}
